{
  "version": 4,
  "terraform_version": "1.3.3",
  "serial": 6,
  "lineage": "4f85a8e2-fc07-8bd1-018d-14472b10cd20",
  "outputs": {},
  "resources": [
    {
      "mode": "managed",
      "type": "azurerm_app_service_source_control",
      "name": "sourcecontrol",
      "provider": "provider[\"registry.terraform.io/hashicorp/azurerm\"]",
      "instances": [
        {
          "schema_version": 0,
          "attributes": {
            "app_id": "/subscriptions/213e51c6-0722-484e-9c29-153a962a0755/resourceGroups/newTerraform/providers/Microsoft.Web/sites/webapp-69230",
            "branch": "main",
            "github_action_configuration": [],
            "id": "/subscriptions/213e51c6-0722-484e-9c29-153a962a0755/resourceGroups/newTerraform/providers/Microsoft.Web/sites/webapp-69230",
            "repo_url": "https://github.com/SweetyDeena/Django-first-app",
            "rollback_enabled": false,
            "scm_type": "ExternalGit",
            "timeouts": null,
            "use_local_git": false,
            "use_manual_integration": true,
            "use_mercurial": false,
            "uses_github_action": false
          },
          "sensitive_attributes": [],
          "private": "eyJlMmJmYjczMC1lY2FhLTExZTYtOGY4OC0zNDM2M2JjN2M0YzAiOnsiY3JlYXRlIjoxODAwMDAwMDAwMDAwLCJkZWxldGUiOjE4MDAwMDAwMDAwMDAsInJlYWQiOjMwMDAwMDAwMDAwMH19",
          "dependencies": [
            "azurerm_linux_web_app.webapp",
            "azurerm_resource_group.rg",
            "azurerm_service_plan.appserviceplan",
            "random_integer.ri"
          ]
        }
      ]
    },
    {
      "mode": "managed",
      "type": "azurerm_linux_web_app",
      "name": "webapp",
      "provider": "provider[\"registry.terraform.io/hashicorp/azurerm\"]",
      "instances": [
        {
          "schema_version": 0,
          "attributes": {
            "app_settings": null,
            "auth_settings": [
              {
                "active_directory": [],
                "additional_login_parameters": {},
                "allowed_external_redirect_urls": [],
                "default_provider": "",
                "enabled": false,
                "facebook": [],
                "github": [],
                "google": [],
                "issuer": "",
                "microsoft": [],
                "runtime_version": "",
                "token_refresh_extension_hours": 0,
                "token_store_enabled": false,
                "twitter": [],
                "unauthenticated_client_action": ""
              }
            ],
            "backup": [],
            "client_affinity_enabled": false,
            "client_certificate_enabled": false,
            "client_certificate_exclusion_paths": "",
            "client_certificate_mode": "Required",
            "connection_string": [],
            "custom_domain_verification_id": "267BAC156DC7C1F3CFBA95C5A0174A8559C1E8349B3545378CFFBC41E1687339",
            "default_hostname": "webapp-69230.azurewebsites.net",
            "enabled": true,
            "https_only": true,
            "id": "/subscriptions/213e51c6-0722-484e-9c29-153a962a0755/resourceGroups/newTerraform/providers/Microsoft.Web/sites/webapp-69230",
            "identity": [],
            "key_vault_reference_identity_id": "SystemAssigned",
            "kind": "app,linux",
            "location": "eastus",
            "logs": [],
            "name": "webapp-69230",
            "outbound_ip_address_list": [
              "52.226.253.206",
              "52.226.254.42",
              "52.226.254.78",
              "20.84.20.158",
              "52.226.254.89",
              "52.226.252.223",
              "20.119.0.18"
            ],
            "outbound_ip_addresses": "52.226.253.206,52.226.254.42,52.226.254.78,20.84.20.158,52.226.254.89,52.226.252.223,20.119.0.18",
            "possible_outbound_ip_address_list": [
              "52.226.253.206",
              "52.226.254.42",
              "52.226.254.78",
              "20.84.20.158",
              "52.226.254.89",
              "52.226.252.223",
              "52.226.254.225",
              "52.226.254.251",
              "52.226.255.14",
              "52.226.255.34",
              "52.226.255.54",
              "52.226.253.203",
              "52.226.255.69",
              "52.226.255.121",
              "52.226.255.133",
              "52.226.255.147",
              "52.226.255.153",
              "52.226.255.182",
              "52.226.255.188",
              "52.226.255.195",
              "20.121.152.7",
              "20.121.152.15",
              "20.121.152.34",
              "20.121.152.86",
              "20.119.0.18"
            ],
            "possible_outbound_ip_addresses": "52.226.253.206,52.226.254.42,52.226.254.78,20.84.20.158,52.226.254.89,52.226.252.223,52.226.254.225,52.226.254.251,52.226.255.14,52.226.255.34,52.226.255.54,52.226.253.203,52.226.255.69,52.226.255.121,52.226.255.133,52.226.255.147,52.226.255.153,52.226.255.182,52.226.255.188,52.226.255.195,20.121.152.7,20.121.152.15,20.121.152.34,20.121.152.86,20.119.0.18",
            "resource_group_name": "newTerraform",
            "service_plan_id": "/subscriptions/213e51c6-0722-484e-9c29-153a962a0755/resourceGroups/newTerraform/providers/Microsoft.Web/serverfarms/webapp-asp-69230",
            "site_config": [
              {
                "always_on": true,
                "api_definition_url": "",
                "api_management_api_id": "",
                "app_command_line": "",
                "application_stack": [
                  {
                    "docker_image": "",
                    "docker_image_tag": "",
                    "dotnet_version": "",
                    "java_server": "",
                    "java_server_version": "",
                    "java_version": "",
                    "node_version": "",
                    "php_version": "",
                    "python_version": "",
                    "ruby_version": ""
                  }
                ],
                "auto_heal_enabled": false,
                "auto_heal_setting": [],
                "container_registry_managed_identity_client_id": "",
                "container_registry_use_managed_identity": false,
                "cors": [],
                "default_documents": [
                  "Default.htm",
                  "Default.html",
                  "Default.asp",
                  "index.htm",
                  "index.html",
                  "iisstart.htm",
                  "default.aspx",
                  "index.php",
                  "hostingstart.html"
                ],
                "detailed_error_logging_enabled": false,
                "ftps_state": "Disabled",
                "health_check_eviction_time_in_min": 0,
                "health_check_path": "",
                "http2_enabled": false,
                "ip_restriction": [],
                "linux_fx_version": "",
                "load_balancing_mode": "LeastRequests",
                "local_mysql_enabled": false,
                "managed_pipeline_mode": "Integrated",
                "minimum_tls_version": "1.2",
                "remote_debugging_enabled": false,
                "remote_debugging_version": "VS2019",
                "scm_ip_restriction": [],
                "scm_minimum_tls_version": "1.2",
                "scm_type": "None",
                "scm_use_main_ip_restriction": false,
                "use_32_bit_worker": true,
                "vnet_route_all_enabled": false,
                "websockets_enabled": false,
                "worker_count": 1
              }
            ],
            "site_credential": [
              {
                "name": "$webapp-69230",
                "password": "0GWkj7TLcpNdJgyLgiXaPY8DYYPwACaZoBuq2oQt3Qt4EX6mkxmlcbclsjre"
              }
            ],
            "sticky_settings": [],
            "storage_account": [],
            "tags": null,
            "timeouts": null,
            "virtual_network_subnet_id": "",
            "zip_deploy_file": ""
          },
          "sensitive_attributes": [],
          "private": "eyJlMmJmYjczMC1lY2FhLTExZTYtOGY4OC0zNDM2M2JjN2M0YzAiOnsiY3JlYXRlIjoxODAwMDAwMDAwMDAwLCJkZWxldGUiOjE4MDAwMDAwMDAwMDAsInJlYWQiOjMwMDAwMDAwMDAwMCwidXBkYXRlIjoxODAwMDAwMDAwMDAwfX0=",
          "dependencies": [
            "azurerm_resource_group.rg",
            "azurerm_service_plan.appserviceplan",
            "random_integer.ri"
          ]
        }
      ]
    },
    {
      "mode": "managed",
      "type": "azurerm_resource_group",
      "name": "rg",
      "provider": "provider[\"registry.terraform.io/hashicorp/azurerm\"]",
      "instances": [
        {
          "schema_version": 0,
          "attributes": {
            "id": "/subscriptions/213e51c6-0722-484e-9c29-153a962a0755/resourceGroups/newTerraform",
            "location": "eastus",
            "name": "newTerraform",
            "tags": null,
            "timeouts": null
          },
          "sensitive_attributes": [],
          "private": "eyJlMmJmYjczMC1lY2FhLTExZTYtOGY4OC0zNDM2M2JjN2M0YzAiOnsiY3JlYXRlIjo1NDAwMDAwMDAwMDAwLCJkZWxldGUiOjU0MDAwMDAwMDAwMDAsInJlYWQiOjMwMDAwMDAwMDAwMCwidXBkYXRlIjo1NDAwMDAwMDAwMDAwfX0="
        }
      ]
    },
    {
      "mode": "managed",
      "type": "azurerm_service_plan",
      "name": "appserviceplan",
      "provider": "provider[\"registry.terraform.io/hashicorp/azurerm\"]",
      "instances": [
        {
          "schema_version": 0,
          "attributes": {
            "app_service_environment_id": "",
            "id": "/subscriptions/213e51c6-0722-484e-9c29-153a962a0755/resourceGroups/newTerraform/providers/Microsoft.Web/serverfarms/webapp-asp-69230",
            "kind": "linux",
            "location": "eastus",
            "maximum_elastic_worker_count": 1,
            "name": "webapp-asp-69230",
            "os_type": "Linux",
            "per_site_scaling_enabled": false,
            "reserved": true,
            "resource_group_name": "newTerraform",
            "sku_name": "B1",
            "tags": null,
            "timeouts": null,
            "worker_count": 1,
            "zone_balancing_enabled": false
          },
          "sensitive_attributes": [],
          "private": "eyJlMmJmYjczMC1lY2FhLTExZTYtOGY4OC0zNDM2M2JjN2M0YzAiOnsiY3JlYXRlIjozNjAwMDAwMDAwMDAwLCJkZWxldGUiOjM2MDAwMDAwMDAwMDAsInJlYWQiOjMwMDAwMDAwMDAwMCwidXBkYXRlIjozNjAwMDAwMDAwMDAwfX0=",
          "dependencies": [
            "azurerm_resource_group.rg",
            "random_integer.ri"
          ]
        }
      ]
    },
    {
      "mode": "managed",
      "type": "random_integer",
      "name": "ri",
      "provider": "provider[\"registry.terraform.io/hashicorp/random\"]",
      "instances": [
        {
          "schema_version": 0,
          "attributes": {
            "id": "69230",
            "keepers": null,
            "max": 99999,
            "min": 10000,
            "result": 69230,
            "seed": null
          },
          "sensitive_attributes": []
        }
      ]
    }
  ],
  "check_results": []
}
